// !$*UTF8*$!
{
	archiveVersion = 1;
	classes = {
	};
	objectVersion = 50;
	objects = {

/* Begin PBXBuildFile section */
		3C8E92312429091600049822 /* AppDelegate.swift in Sources */ = {isa = PBXBuildFile; fileRef = 3C8E92302429091600049822 /* AppDelegate.swift */; };
		3C8E92332429091600049822 /* SceneDelegate.swift in Sources */ = {isa = PBXBuildFile; fileRef = 3C8E92322429091600049822 /* SceneDelegate.swift */; };
		3C8E92382429091600049822 /* Main.storyboard in Resources */ = {isa = PBXBuildFile; fileRef = 3C8E92362429091600049822 /* Main.storyboard */; };
		3C8E923A2429091800049822 /* Assets.xcassets in Resources */ = {isa = PBXBuildFile; fileRef = 3C8E92392429091800049822 /* Assets.xcassets */; };
		3C8E923D2429091800049822 /* LaunchScreen.storyboard in Resources */ = {isa = PBXBuildFile; fileRef = 3C8E923B2429091800049822 /* LaunchScreen.storyboard */; };
		3C8E92482429091800049822 /* miniweibo_demoTests.swift in Sources */ = {isa = PBXBuildFile; fileRef = 3C8E92472429091800049822 /* miniweibo_demoTests.swift */; };
		3C8E92532429091800049822 /* miniweibo_demoUITests.swift in Sources */ = {isa = PBXBuildFile; fileRef = 3C8E92522429091800049822 /* miniweibo_demoUITests.swift */; };
		3C8E92712429AB2B00049822 /* Alamofire.framework in Frameworks */ = {isa = PBXBuildFile; fileRef = 3C8E92702429AB2B00049822 /* Alamofire.framework */; };
		3C8E92722429AB2B00049822 /* Alamofire.framework in Embed Frameworks */ = {isa = PBXBuildFile; fileRef = 3C8E92702429AB2B00049822 /* Alamofire.framework */; settings = {ATTRIBUTES = (CodeSignOnCopy, RemoveHeadersOnCopy, ); }; };
		3C8E92772429DB4B00049822 /* MomentViewModel.swift in Sources */ = {isa = PBXBuildFile; fileRef = 3C8E92762429DB4B00049822 /* MomentViewModel.swift */; };
		3C8E927A2429DDE500049822 /* Moment.swift in Sources */ = {isa = PBXBuildFile; fileRef = 3C8E92792429DDE500049822 /* Moment.swift */; };
		3C8E927C2429DF3100049822 /* Moments.swift in Sources */ = {isa = PBXBuildFile; fileRef = 3C8E927B2429DF3100049822 /* Moments.swift */; };
		3C8E927E2429E28D00049822 /* MomentService.swift in Sources */ = {isa = PBXBuildFile; fileRef = 3C8E927D2429E28D00049822 /* MomentService.swift */; };
		87E8E35B242CC9E400AD0595 /* WeiboViewController.swift in Sources */ = {isa = PBXBuildFile; fileRef = 87E8E35A242CC9E400AD0595 /* WeiboViewController.swift */; };
/* End PBXBuildFile section */

/* Begin PBXContainerItemProxy section */
		3C8E92442429091800049822 /* PBXContainerItemProxy */ = {
			isa = PBXContainerItemProxy;
			containerPortal = 3C8E92252429091500049822 /* Project object */;
			proxyType = 1;
			remoteGlobalIDString = 3C8E922C2429091600049822;
			remoteInfo = "miniweibo-demo";
		};
		3C8E924F2429091800049822 /* PBXContainerItemProxy */ = {
			isa = PBXContainerItemProxy;
			containerPortal = 3C8E92252429091500049822 /* Project object */;
			proxyType = 1;
			remoteGlobalIDString = 3C8E922C2429091600049822;
			remoteInfo = "miniweibo-demo";
		};
/* End PBXContainerItemProxy section */

/* Begin PBXCopyFilesBuildPhase section */
		3C8E92732429AB2B00049822 /* Embed Frameworks */ = {
			isa = PBXCopyFilesBuildPhase;
			buildActionMask = 2147483647;
			dstPath = "";
			dstSubfolderSpec = 10;
			files = (
				3C8E92722429AB2B00049822 /* Alamofire.framework in Embed Frameworks */,
			);
			name = "Embed Frameworks";
			runOnlyForDeploymentPostprocessing = 0;
		};
/* End PBXCopyFilesBuildPhase section */

/* Begin PBXFileReference section */
		3C8E922D2429091600049822 /* miniweibo-demo.app */ = {isa = PBXFileReference; explicitFileType = wrapper.application; includeInIndex = 0; path = "miniweibo-demo.app"; sourceTree = BUILT_PRODUCTS_DIR; };
		3C8E92302429091600049822 /* AppDelegate.swift */ = {isa = PBXFileReference; lastKnownFileType = sourcecode.swift; path = AppDelegate.swift; sourceTree = "<group>"; };
		3C8E92322429091600049822 /* SceneDelegate.swift */ = {isa = PBXFileReference; lastKnownFileType = sourcecode.swift; path = SceneDelegate.swift; sourceTree = "<group>"; };
		3C8E92372429091600049822 /* Base */ = {isa = PBXFileReference; lastKnownFileType = file.storyboard; name = Base; path = Base.lproj/Main.storyboard; sourceTree = "<group>"; };
		3C8E92392429091800049822 /* Assets.xcassets */ = {isa = PBXFileReference; lastKnownFileType = folder.assetcatalog; path = Assets.xcassets; sourceTree = "<group>"; };
		3C8E923C2429091800049822 /* Base */ = {isa = PBXFileReference; lastKnownFileType = file.storyboard; name = Base; path = Base.lproj/LaunchScreen.storyboard; sourceTree = "<group>"; };
		3C8E923E2429091800049822 /* Info.plist */ = {isa = PBXFileReference; lastKnownFileType = text.plist.xml; path = Info.plist; sourceTree = "<group>"; };
		3C8E92432429091800049822 /* miniweibo-demoTests.xctest */ = {isa = PBXFileReference; explicitFileType = wrapper.cfbundle; includeInIndex = 0; path = "miniweibo-demoTests.xctest"; sourceTree = BUILT_PRODUCTS_DIR; };
		3C8E92472429091800049822 /* miniweibo_demoTests.swift */ = {isa = PBXFileReference; lastKnownFileType = sourcecode.swift; path = miniweibo_demoTests.swift; sourceTree = "<group>"; };
		3C8E92492429091800049822 /* Info.plist */ = {isa = PBXFileReference; lastKnownFileType = text.plist.xml; path = Info.plist; sourceTree = "<group>"; };
		3C8E924E2429091800049822 /* miniweibo-demoUITests.xctest */ = {isa = PBXFileReference; explicitFileType = wrapper.cfbundle; includeInIndex = 0; path = "miniweibo-demoUITests.xctest"; sourceTree = BUILT_PRODUCTS_DIR; };
		3C8E92522429091800049822 /* miniweibo_demoUITests.swift */ = {isa = PBXFileReference; lastKnownFileType = sourcecode.swift; path = miniweibo_demoUITests.swift; sourceTree = "<group>"; };
		3C8E92542429091800049822 /* Info.plist */ = {isa = PBXFileReference; lastKnownFileType = text.plist.xml; path = Info.plist; sourceTree = "<group>"; };
		3C8E92702429AB2B00049822 /* Alamofire.framework */ = {isa = PBXFileReference; lastKnownFileType = wrapper.framework; name = Alamofire.framework; path = Carthage/Build/iOS/Alamofire.framework; sourceTree = "<group>"; };
		3C8E92762429DB4B00049822 /* MomentViewModel.swift */ = {isa = PBXFileReference; lastKnownFileType = sourcecode.swift; path = MomentViewModel.swift; sourceTree = "<group>"; };
		3C8E92792429DDE500049822 /* Moment.swift */ = {isa = PBXFileReference; lastKnownFileType = sourcecode.swift; path = Moment.swift; sourceTree = "<group>"; };
		3C8E927B2429DF3100049822 /* Moments.swift */ = {isa = PBXFileReference; lastKnownFileType = sourcecode.swift; path = Moments.swift; sourceTree = "<group>"; };
		3C8E927D2429E28D00049822 /* MomentService.swift */ = {isa = PBXFileReference; lastKnownFileType = sourcecode.swift; path = MomentService.swift; sourceTree = "<group>"; };
		87E8E35A242CC9E400AD0595 /* WeiboViewController.swift */ = {isa = PBXFileReference; lastKnownFileType = sourcecode.swift; path = WeiboViewController.swift; sourceTree = "<group>"; };
/* End PBXFileReference section */

/* Begin PBXFrameworksBuildPhase section */
		3C8E922A2429091600049822 /* Frameworks */ = {
			isa = PBXFrameworksBuildPhase;
			buildActionMask = 2147483647;
			files = (
				3C8E92712429AB2B00049822 /* Alamofire.framework in Frameworks */,
			);
			runOnlyForDeploymentPostprocessing = 0;
		};
		3C8E92402429091800049822 /* Frameworks */ = {
			isa = PBXFrameworksBuildPhase;
			buildActionMask = 2147483647;
			files = (
			);
			runOnlyForDeploymentPostprocessing = 0;
		};
		3C8E924B2429091800049822 /* Frameworks */ = {
			isa = PBXFrameworksBuildPhase;
			buildActionMask = 2147483647;
			files = (
			);
			runOnlyForDeploymentPostprocessing = 0;
		};
/* End PBXFrameworksBuildPhase section */

/* Begin PBXGroup section */
		3C8E92242429091500049822 = {
			isa = PBXGroup;
			children = (
				3C8E922F2429091600049822 /* miniweibo-demo */,
				3C8E92462429091800049822 /* miniweibo-demoTests */,
				3C8E92512429091800049822 /* miniweibo-demoUITests */,
				3C8E922E2429091600049822 /* Products */,
				3C8E926F2429AB2B00049822 /* Frameworks */,
			);
			sourceTree = "<group>";
		};
		3C8E922E2429091600049822 /* Products */ = {
			isa = PBXGroup;
			children = (
				3C8E922D2429091600049822 /* miniweibo-demo.app */,
				3C8E92432429091800049822 /* miniweibo-demoTests.xctest */,
				3C8E924E2429091800049822 /* miniweibo-demoUITests.xctest */,
			);
			name = Products;
			sourceTree = "<group>";
		};
		3C8E922F2429091600049822 /* miniweibo-demo */ = {
			isa = PBXGroup;
			children = (
				87E8E359242CC9CB00AD0595 /* View */,
				3C8E92782429DDD600049822 /* Model */,
				3C8E92752429DB2200049822 /* ViewModel */,
				3C8E92302429091600049822 /* AppDelegate.swift */,
				3C8E92322429091600049822 /* SceneDelegate.swift */,
				3C8E92362429091600049822 /* Main.storyboard */,
				3C8E92392429091800049822 /* Assets.xcassets */,
				3C8E923B2429091800049822 /* LaunchScreen.storyboard */,
				3C8E923E2429091800049822 /* Info.plist */,
			);
			path = "miniweibo-demo";
			sourceTree = "<group>";
		};
		3C8E92462429091800049822 /* miniweibo-demoTests */ = {
			isa = PBXGroup;
			children = (
				3C8E92472429091800049822 /* miniweibo_demoTests.swift */,
				3C8E92492429091800049822 /* Info.plist */,
			);
			path = "miniweibo-demoTests";
			sourceTree = "<group>";
		};
		3C8E92512429091800049822 /* miniweibo-demoUITests */ = {
			isa = PBXGroup;
			children = (
				3C8E92522429091800049822 /* miniweibo_demoUITests.swift */,
				3C8E92542429091800049822 /* Info.plist */,
			);
			path = "miniweibo-demoUITests";
			sourceTree = "<group>";
		};
		3C8E926F2429AB2B00049822 /* Frameworks */ = {
			isa = PBXGroup;
			children = (
				3C8E92702429AB2B00049822 /* Alamofire.framework */,
			);
			name = Frameworks;
			sourceTree = "<group>";
		};
		3C8E92752429DB2200049822 /* ViewModel */ = {
			isa = PBXGroup;
			children = (
				3C8E92762429DB4B00049822 /* MomentViewModel.swift */,
				3C8E927D2429E28D00049822 /* MomentService.swift */,
			);
			path = ViewModel;
			sourceTree = "<group>";
		};
		3C8E92782429DDD600049822 /* Model */ = {
			isa = PBXGroup;
			children = (
				3C8E92792429DDE500049822 /* Moment.swift */,
				3C8E927B2429DF3100049822 /* Moments.swift */,
			);
			path = Model;
			sourceTree = "<group>";
		};
		87E8E359242CC9CB00AD0595 /* View */ = {
			isa = PBXGroup;
			children = (
				87E8E35A242CC9E400AD0595 /* WeiboViewController.swift */,
			);
			path = View;
			sourceTree = "<group>";
		};
/* End PBXGroup section */

/* Begin PBXNativeTarget section */
		3C8E922C2429091600049822 /* miniweibo-demo */ = {
			isa = PBXNativeTarget;
			buildConfigurationList = 3C8E92572429091800049822 /* Build configuration list for PBXNativeTarget "miniweibo-demo" */;
			buildPhases = (
				3C8E92292429091600049822 /* Sources */,
				3C8E922A2429091600049822 /* Frameworks */,
				3C8E922B2429091600049822 /* Resources */,
				3C8E92732429AB2B00049822 /* Embed Frameworks */,
				3C8E92742429AB3900049822 /* ShellScript */,
			);
			buildRules = (
			);
			dependencies = (
			);
			name = "miniweibo-demo";
			productName = "miniweibo-demo";
			productReference = 3C8E922D2429091600049822 /* miniweibo-demo.app */;
			productType = "com.apple.product-type.application";
		};
		3C8E92422429091800049822 /* miniweibo-demoTests */ = {
			isa = PBXNativeTarget;
			buildConfigurationList = 3C8E925A2429091800049822 /* Build configuration list for PBXNativeTarget "miniweibo-demoTests" */;
			buildPhases = (
				3C8E923F2429091800049822 /* Sources */,
				3C8E92402429091800049822 /* Frameworks */,
				3C8E92412429091800049822 /* Resources */,
			);
			buildRules = (
			);
			dependencies = (
				3C8E92452429091800049822 /* PBXTargetDependency */,
			);
			name = "miniweibo-demoTests";
			productName = "miniweibo-demoTests";
			productReference = 3C8E92432429091800049822 /* miniweibo-demoTests.xctest */;
			productType = "com.apple.product-type.bundle.unit-test";
		};
		3C8E924D2429091800049822 /* miniweibo-demoUITests */ = {
			isa = PBXNativeTarget;
			buildConfigurationList = 3C8E925D2429091800049822 /* Build configuration list for PBXNativeTarget "miniweibo-demoUITests" */;
			buildPhases = (
				3C8E924A2429091800049822 /* Sources */,
				3C8E924B2429091800049822 /* Frameworks */,
				3C8E924C2429091800049822 /* Resources */,
			);
			buildRules = (
			);
			dependencies = (
				3C8E92502429091800049822 /* PBXTargetDependency */,
			);
			name = "miniweibo-demoUITests";
			productName = "miniweibo-demoUITests";
			productReference = 3C8E924E2429091800049822 /* miniweibo-demoUITests.xctest */;
			productType = "com.apple.product-type.bundle.ui-testing";
		};
/* End PBXNativeTarget section */

/* Begin PBXProject section */
		3C8E92252429091500049822 /* Project object */ = {
			isa = PBXProject;
			attributes = {
				LastSwiftUpdateCheck = 1130;
				LastUpgradeCheck = 1130;
				ORGANIZATIONNAME = xyli;
				TargetAttributes = {
					3C8E922C2429091600049822 = {
						CreatedOnToolsVersion = 11.3.1;
					};
					3C8E92422429091800049822 = {
						CreatedOnToolsVersion = 11.3.1;
						TestTargetID = 3C8E922C2429091600049822;
					};
					3C8E924D2429091800049822 = {
						CreatedOnToolsVersion = 11.3.1;
						TestTargetID = 3C8E922C2429091600049822;
					};
				};
			};
			buildConfigurationList = 3C8E92282429091500049822 /* Build configuration list for PBXProject "miniweibo-demo" */;
			compatibilityVersion = "Xcode 9.3";
			developmentRegion = en;
			hasScannedForEncodings = 0;
			knownRegions = (
				en,
				Base,
			);
			mainGroup = 3C8E92242429091500049822;
			productRefGroup = 3C8E922E2429091600049822 /* Products */;
			projectDirPath = "";
			projectRoot = "";
			targets = (
				3C8E922C2429091600049822 /* miniweibo-demo */,
				3C8E92422429091800049822 /* miniweibo-demoTests */,
				3C8E924D2429091800049822 /* miniweibo-demoUITests */,
			);
		};
/* End PBXProject section */

/* Begin PBXResourcesBuildPhase section */
		3C8E922B2429091600049822 /* Resources */ = {
			isa = PBXResourcesBuildPhase;
			buildActionMask = 2147483647;
			files = (
				3C8E923D2429091800049822 /* LaunchScreen.storyboard in Resources */,
				3C8E923A2429091800049822 /* Assets.xcassets in Resources */,
				3C8E92382429091600049822 /* Main.storyboard in Resources */,
			);
			runOnlyForDeploymentPostprocessing = 0;
		};
		3C8E92412429091800049822 /* Resources */ = {
			isa = PBXResourcesBuildPhase;
			buildActionMask = 2147483647;
			files = (
			);
			runOnlyForDeploymentPostprocessing = 0;
		};
		3C8E924C2429091800049822 /* Resources */ = {
			isa = PBXResourcesBuildPhase;
			buildActionMask = 2147483647;
			files = (
			);
			runOnlyForDeploymentPostprocessing = 0;
		};
/* End PBXResourcesBuildPhase section */

/* Begin PBXShellScriptBuildPhase section */
		3C8E92742429AB3900049822 /* ShellScript */ = {
			isa = PBXShellScriptBuildPhase;
			buildActionMask = 8;
			files = (
			);
			inputFileListPaths = (
			);
			inputPaths = (
				"$(SRCROOT)/Carthage/Build/iOS/Alamofire.framework",
			);
			outputFileListPaths = (
			);
			outputPaths = (
				"$(BUILT_PRODUCTS_DIR)/$(FRAMEWORKS_FOLDER_PATH)/Alamofire.framework",
			);
			runOnlyForDeploymentPostprocessing = 1;
			shellPath = /bin/sh;
			shellScript = "# Type a script or drag a script file from your workspace to insert its path.\n/usr/local/bin/carthage copy-frameworks\n";
		};
/* End PBXShellScriptBuildPhase section */

/* Begin PBXSourcesBuildPhase section */
		3C8E92292429091600049822 /* Sources */ = {
			isa = PBXSourcesBuildPhase;
			buildActionMask = 2147483647;
			files = (
				3C8E92772429DB4B00049822 /* MomentViewModel.swift in Sources */,
				87E8E35B242CC9E400AD0595 /* WeiboViewController.swift in Sources */,
				3C8E927C2429DF3100049822 /* Moments.swift in Sources */,
				3C8E92312429091600049822 /* AppDelegate.swift in Sources */,
				3C8E927A2429DDE500049822 /* Moment.swift in Sources */,
				3C8E927E2429E28D00049822 /* MomentService.swift in Sources */,
				3C8E92332429091600049822 /* SceneDelegate.swift in Sources */,
			);
			runOnlyForDeploymentPostprocessing = 0;
		};
		3C8E923F2429091800049822 /* Sources */ = {
			isa = PBXSourcesBuildPhase;
			buildActionMask = 2147483647;
			files = (
				3C8E92482429091800049822 /* miniweibo_demoTests.swift in Sources */,
			);
			runOnlyForDeploymentPostprocessing = 0;
		};
		3C8E924A2429091800049822 /* Sources */ = {
			isa = PBXSourcesBuildPhase;
			buildActionMask = 2147483647;
			files = (
				3C8E92532429091800049822 /* miniweibo_demoUITests.swift in Sources */,
			);
			runOnlyForDeploymentPostprocessing = 0;
		};
/* End PBXSourcesBuildPhase section */

/* Begin PBXTargetDependency section */
		3C8E92452429091800049822 /* PBXTargetDependency */ = {
			isa = PBXTargetDependency;
			target = 3C8E922C2429091600049822 /* miniweibo-demo */;
			targetProxy = 3C8E92442429091800049822 /* PBXContainerItemProxy */;
		};
		3C8E92502429091800049822 /* PBXTargetDependency */ = {
			isa = PBXTargetDependency;
			target = 3C8E922C2429091600049822 /* miniweibo-demo */;
			targetProxy = 3C8E924F2429091800049822 /* PBXContainerItemProxy */;
		};
/* End PBXTargetDependency section */

/* Begin PBXVariantGroup section */
		3C8E92362429091600049822 /* Main.storyboard */ = {
			isa = PBXVariantGroup;
			children = (
				3C8E92372429091600049822 /* Base */,
			);
			name = Main.storyboard;
			sourceTree = "<group>";
		};
		3C8E923B2429091800049822 /* LaunchScreen.storyboard */ = {
			isa = PBXVariantGroup;
			children = (
				3C8E923C2429091800049822 /* Base */,
			);
			name = LaunchScreen.storyboard;
			sourceTree = "<group>";
		};
/* End PBXVariantGroup section */

/* Begin XCBuildConfiguration section */
		3C8E92552429091800049822 /* Debug */ = {
			isa = XCBuildConfiguration;
			buildSettings = {
				ALWAYS_SEARCH_USER_PATHS = NO;
				CLANG_ANALYZER_NONNULL = YES;
				CLANG_ANALYZER_NUMBER_OBJECT_CONVERSION = YES_AGGRESSIVE;
				CLANG_CXX_LANGUAGE_STANDARD = "gnu++14";
				CLANG_CXX_LIBRARY = "libc++";
				CLANG_ENABLE_MODULES = YES;
				CLANG_ENABLE_OBJC_ARC = YES;
				CLANG_ENABLE_OBJC_WEAK = YES;
				CLANG_WARN_BLOCK_CAPTURE_AUTORELEASING = YES;
				CLANG_WARN_BOOL_CONVERSION = YES;
				CLANG_WARN_COMMA = YES;
				CLANG_WARN_CONSTANT_CONVERSION = YES;
				CLANG_WARN_DEPRECATED_OBJC_IMPLEMENTATIONS = YES;
				CLANG_WARN_DIRECT_OBJC_ISA_USAGE = YES_ERROR;
				CLANG_WARN_DOCUMENTATION_COMMENTS = YES;
				CLANG_WARN_EMPTY_BODY = YES;
				CLANG_WARN_ENUM_CONVERSION = YES;
				CLANG_WARN_INFINITE_RECURSION = YES;
				CLANG_WARN_INT_CONVERSION = YES;
				CLANG_WARN_NON_LITERAL_NULL_CONVERSION = YES;
				CLANG_WARN_OBJC_IMPLICIT_RETAIN_SELF = YES;
				CLANG_WARN_OBJC_LITERAL_CONVERSION = YES;
				CLANG_WARN_OBJC_ROOT_CLASS = YES_ERROR;
				CLANG_WARN_RANGE_LOOP_ANALYSIS = YES;
				CLANG_WARN_STRICT_PROTOTYPES = YES;
				CLANG_WARN_SUSPICIOUS_MOVE = YES;
				CLANG_WARN_UNGUARDED_AVAILABILITY = YES_AGGRESSIVE;
				CLANG_WARN_UNREACHABLE_CODE = YES;
				CLANG_WARN__DUPLICATE_METHOD_MATCH = YES;
				COPY_PHASE_STRIP = NO;
				DEBUG_INFORMATION_FORMAT = dwarf;
				ENABLE_STRICT_OBJC_MSGSEND = YES;
				ENABLE_TESTABILITY = YES;
				GCC_C_LANGUAGE_STANDARD = gnu11;
				GCC_DYNAMIC_NO_PIC = NO;
				GCC_NO_COMMON_BLOCKS = YES;
				GCC_OPTIMIZATION_LEVEL = 0;
				GCC_PREPROCESSOR_DEFINITIONS = (
					"DEBUG=1",
					"$(inherited)",
				);
				GCC_WARN_64_TO_32_BIT_CONVERSION = YES;
				GCC_WARN_ABOUT_RETURN_TYPE = YES_ERROR;
				GCC_WARN_UNDECLARED_SELECTOR = YES;
				GCC_WARN_UNINITIALIZED_AUTOS = YES_AGGRESSIVE;
				GCC_WARN_UNUSED_FUNCTION = YES;
				GCC_WARN_UNUSED_VARIABLE = YES;
				IPHONEOS_DEPLOYMENT_TARGET = 10.0;
				MTL_ENABLE_DEBUG_INFO = INCLUDE_SOURCE;
				MTL_FAST_MATH = YES;
				ONLY_ACTIVE_ARCH = YES;
				SDKROOT = iphoneos;
				SWIFT_ACTIVE_COMPILATION_CONDITIONS = DEBUG;
				SWIFT_OPTIMIZATION_LEVEL = "-Onone";
			};
			name = Debug;
		};
		3C8E92562429091800049822 /* Release */ = {
			isa = XCBuildConfiguration;
			buildSettings = {
				ALWAYS_SEARCH_USER_PATHS = NO;
				CLANG_ANALYZER_NONNULL = YES;
				CLANG_ANALYZER_NUMBER_OBJECT_CONVERSION = YES_AGGRESSIVE;
				CLANG_CXX_LANGUAGE_STANDARD = "gnu++14";
				CLANG_CXX_LIBRARY = "libc++";
				CLANG_ENABLE_MODULES = YES;
				CLANG_ENABLE_OBJC_ARC = YES;
				CLANG_ENABLE_OBJC_WEAK = YES;
				CLANG_WARN_BLOCK_CAPTURE_AUTORELEASING = YES;
				CLANG_WARN_BOOL_CONVERSION = YES;
				CLANG_WARN_COMMA = YES;
				CLANG_WARN_CONSTANT_CONVERSION = YES;
				CLANG_WARN_DEPRECATED_OBJC_IMPLEMENTATIONS = YES;
				CLANG_WARN_DIRECT_OBJC_ISA_USAGE = YES_ERROR;
				CLANG_WARN_DOCUMENTATION_COMMENTS = YES;
				CLANG_WARN_EMPTY_BODY = YES;
				CLANG_WARN_ENUM_CONVERSION = YES;
				CLANG_WARN_INFINITE_RECURSION = YES;
				CLANG_WARN_INT_CONVERSION = YES;
				CLANG_WARN_NON_LITERAL_NULL_CONVERSION = YES;
				CLANG_WARN_OBJC_IMPLICIT_RETAIN_SELF = YES;
				CLANG_WARN_OBJC_LITERAL_CONVERSION = YES;
				CLANG_WARN_OBJC_ROOT_CLASS = YES_ERROR;
				CLANG_WARN_RANGE_LOOP_ANALYSIS = YES;
				CLANG_WARN_STRICT_PROTOTYPES = YES;
				CLANG_WARN_SUSPICIOUS_MOVE = YES;
				CLANG_WARN_UNGUARDED_AVAILABILITY = YES_AGGRESSIVE;
				CLANG_WARN_UNREACHABLE_CODE = YES;
				CLANG_WARN__DUPLICATE_METHOD_MATCH = YES;
				COPY_PHASE_STRIP = NO;
				DEBUG_INFORMATION_FORMAT = "dwarf-with-dsym";
				ENABLE_NS_ASSERTIONS = NO;
				ENABLE_STRICT_OBJC_MSGSEND = YES;
				GCC_C_LANGUAGE_STANDARD = gnu11;
				GCC_NO_COMMON_BLOCKS = YES;
				GCC_WARN_64_TO_32_BIT_CONVERSION = YES;
				GCC_WARN_ABOUT_RETURN_TYPE = YES_ERROR;
				GCC_WARN_UNDECLARED_SELECTOR = YES;
				GCC_WARN_UNINITIALIZED_AUTOS = YES_AGGRESSIVE;
				GCC_WARN_UNUSED_FUNCTION = YES;
				GCC_WARN_UNUSED_VARIABLE = YES;
				IPHONEOS_DEPLOYMENT_TARGET = 10.0;
				MTL_ENABLE_DEBUG_INFO = NO;
				MTL_FAST_MATH = YES;
				SDKROOT = iphoneos;
				SWIFT_COMPILATION_MODE = wholemodule;
				SWIFT_OPTIMIZATION_LEVEL = "-O";
				VALIDATE_PRODUCT = YES;
			};
			name = Release;
		};
		3C8E92582429091800049822 /* Debug */ = {
			isa = XCBuildConfiguration;
			buildSettings = {
				ASSETCATALOG_COMPILER_APPICON_NAME = AppIcon;
				CODE_SIGN_STYLE = Automatic;
				FRAMEWORK_SEARCH_PATHS = (
					"$(inherited)",
					"$(PROJECT_DIR)/Carthage/Build/iOS",
				);
				INFOPLIST_FILE = "miniweibo-demo/Info.plist";
				IPHONEOS_DEPLOYMENT_TARGET = 13.2;
				LD_RUNPATH_SEARCH_PATHS = (
					"$(inherited)",
					"@executable_path/Frameworks",
				);
				PRODUCT_BUNDLE_IDENTIFIER = "com.thoughtworks.miniweibo-demo";
				PRODUCT_NAME = "$(TARGET_NAME)";
				SWIFT_VERSION = 5.0;
				TARGETED_DEVICE_FAMILY = "1,2";
			};
			name = Debug;
		};
		3C8E92592429091800049822 /* Release */ = {
			isa = XCBuildConfiguration;
			buildSettings = {
				ASSETCATALOG_COMPILER_APPICON_NAME = AppIcon;
				CODE_SIGN_STYLE = Automatic;
				FRAMEWORK_SEARCH_PATHS = (
					"$(inherited)",
					"$(PROJECT_DIR)/Carthage/Build/iOS",
				);
				INFOPLIST_FILE = "miniweibo-demo/Info.plist";
				IPHONEOS_DEPLOYMENT_TARGET = 13.2;
				LD_RUNPATH_SEARCH_PATHS = (
					"$(inherited)",
					"@executable_path/Frameworks",
				);
				PRODUCT_BUNDLE_IDENTIFIER = "com.thoughtworks.miniweibo-demo";
				PRODUCT_NAME = "$(TARGET_NAME)";
				SWIFT_VERSION = 5.0;
				TARGETED_DEVICE_FAMILY = "1,2";
			};
			name = Release;
		};
		3C8E925B2429091800049822 /* Debug */ = {
			isa = XCBuildConfiguration;
			buildSettings = {
				ALWAYS_EMBED_SWIFT_STANDARD_LIBRARIES = YES;
				BUNDLE_LOADER = "$(TEST_HOST)";
				CODE_SIGN_STYLE = Automatic;
				INFOPLIST_FILE = "miniweibo-demoTests/Info.plist";
				IPHONEOS_DEPLOYMENT_TARGET = 13.2;
				LD_RUNPATH_SEARCH_PATHS = (
					"$(inherited)",
					"@executable_path/Frameworks",
					"@loader_path/Frameworks",
				);
				PRODUCT_BUNDLE_IDENTIFIER = "com.thoughtworks.miniweibo-demoTests";
				PRODUCT_NAME = "$(TARGET_NAME)";
				SWIFT_VERSION = 5.0;
				TARGETED_DEVICE_FAMILY = "1,2";
				TEST_HOST = "$(BUILT_PRODUCTS_DIR)/miniweibo-demo.app/miniweibo-demo";
			};
			name = Debug;
		};
		3C8E925C2429091800049822 /* Release */ = {
			isa = XCBuildConfiguration;
			buildSettings = {
				ALWAYS_EMBED_SWIFT_STANDARD_LIBRARIES = YES;
				BUNDLE_LOADER = "$(TEST_HOST)";
				CODE_SIGN_STYLE = Automatic;
				INFOPLIST_FILE = "miniweibo-demoTests/Info.plist";
				IPHONEOS_DEPLOYMENT_TARGET = 13.2;
				LD_RUNPATH_SEARCH_PATHS = (
					"$(inherited)",
					"@executable_path/Frameworks",
					"@loader_path/Frameworks",
				);
				PRODUCT_BUNDLE_IDENTIFIER = "com.thoughtworks.miniweibo-demoTests";
				PRODUCT_NAME = "$(TARGET_NAME)";
				SWIFT_VERSION = 5.0;
				TARGETED_DEVICE_FAMILY = "1,2";
				TEST_HOST = "$(BUILT_PRODUCTS_DIR)/miniweibo-demo.app/miniweibo-demo";
			};
			name = Release;
		};
		3C8E925E2429091800049822 /* Debug */ = {
			isa = XCBuildConfiguration;
			buildSettings = {
				ALWAYS_EMBED_SWIFT_STANDARD_LIBRARIES = YES;
				CODE_SIGN_STYLE = Automatic;
				INFOPLIST_FILE = "miniweibo-demoUITests/Info.plist";
				LD_RUNPATH_SEARCH_PATHS = (
					"$(inherited)",
					"@executable_path/Frameworks",
					"@loader_path/Frameworks",
				);
				PRODUCT_BUNDLE_IDENTIFIER = "com.thoughtworks.miniweibo-demoUITests";
				PRODUCT_NAME = "$(TARGET_NAME)";
				SWIFT_VERSION = 5.0;
				TARGETED_DEVICE_FAMILY = "1,2";
				TEST_TARGET_NAME = "miniweibo-demo";
			};
			name = Debug;
		};
		3C8E925F2429091800049822 /* Release */ = {
			isa = XCBuildConfiguration;
			buildSettings = {
				ALWAYS_EMBED_SWIFT_STANDARD_LIBRARIES = YES;
				CODE_SIGN_STYLE = Automatic;
				INFOPLIST_FILE = "miniweibo-demoUITests/Info.plist";
				LD_RUNPATH_SEARCH_PATHS = (
					"$(inherited)",
					"@executable_path/Frameworks",
					"@loader_path/Frameworks",
				);
				PRODUCT_BUNDLE_IDENTIFIER = "com.thoughtworks.miniweibo-demoUITests";
				PRODUCT_NAME = "$(TARGET_NAME)";
				SWIFT_VERSION = 5.0;
				TARGETED_DEVICE_FAMILY = "1,2";
				TEST_TARGET_NAME = "miniweibo-demo";
			};
			name = Release;
		};
/* End XCBuildConfiguration section */

/* Begin XCConfigurationList section */
		3C8E92282429091500049822 /* Build configuration list for PBXProject "miniweibo-demo" */ = {
			isa = XCConfigurationList;
			buildConfigurations = (
				3C8E92552429091800049822 /* Debug */,
				3C8E92562429091800049822 /* Release */,
			);
			defaultConfigurationIsVisible = 0;
			defaultConfigurationName = Release;
		};
		3C8E92572429091800049822 /* Build configuration list for PBXNativeTarget "miniweibo-demo" */ = {
			isa = XCConfigurationList;
			buildConfigurations = (
				3C8E92582429091800049822 /* Debug */,
				3C8E92592429091800049822 /* Release */,
			);
			defaultConfigurationIsVisible = 0;
			defaultConfigurationName = Release;
		};
		3C8E925A2429091800049822 /* Build configuration list for PBXNativeTarget "miniweibo-demoTests" */ = {
			isa = XCConfigurationList;
			buildConfigurations = (
				3C8E925B2429091800049822 /* Debug */,
				3C8E925C2429091800049822 /* Release */,
			);
			defaultConfigurationIsVisible = 0;
			defaultConfigurationName = Release;
		};
		3C8E925D2429091800049822 /* Build configuration list for PBXNativeTarget "miniweibo-demoUITests" */ = {
			isa = XCConfigurationList;
			buildConfigurations = (
				3C8E925E2429091800049822 /* Debug */,
				3C8E925F2429091800049822 /* Release */,
			);
			defaultConfigurationIsVisible = 0;
			defaultConfigurationName = Release;
		};
/* End XCConfigurationList section */
	};
	rootObject = 3C8E92252429091500049822 /* Project object */;
}
